
Microsoft Visual Studio Solution File, Format Version 12.00
# Visual Studio 15
VisualStudioVersion = 15.0.26228.4
MinimumVisualStudioVersion = 10.0.40219.1
Project("{FAE04EC0-301F-11D3-BF4B-00C04F79EFBC}") = "WhatsappAPI", "WhatsappAPI\WhatsappAPI.csproj", "{3E790CCC-9262-4E63-96C6-CFF59CBFAA47}"
EndProject
Project("{FAE04EC0-301F-11D3-BF4B-00C04F79EFBC}") = "_360DialogWrapper", "_360DialogWrapper\_360DialogWrapper.csproj", "{04AD1014-DF1F-4C6A-9A29-F44EED4C7361}"
EndProject
Global
	GlobalSection(SolutionConfigurationPlatforms) = preSolution
		Debug|Any CPU = Debug|Any CPU
		Release|Any CPU = Release|Any CPU
	EndGlobalSection
	GlobalSection(ProjectConfigurationPlatforms) = postSolution
		{3E790CCC-9262-4E63-96C6-CFF59CBFAA47}.Debug|Any CPU.ActiveCfg = Debug|Any CPU
		{3E790CCC-9262-4E63-96C6-CFF59CBFAA47}.Debug|Any CPU.Build.0 = Debug|Any CPU
		{3E790CCC-9262-4E63-96C6-CFF59CBFAA47}.Release|Any CPU.ActiveCfg = Release|Any CPU
		{3E790CCC-9262-4E63-96C6-CFF59CBFAA47}.Release|Any CPU.Build.0 = Release|Any CPU
		{04AD1014-DF1F-4C6A-9A29-F44EED4C7361}.Debug|Any CPU.ActiveCfg = Debug|Any CPU
		{04AD1014-DF1F-4C6A-9A29-F44EED4C7361}.Debug|Any CPU.Build.0 = Debug|Any CPU
		{04AD1014-DF1F-4C6A-9A29-F44EED4C7361}.Release|Any CPU.ActiveCfg = Release|Any CPU
		{04AD1014-DF1F-4C6A-9A29-F44EED4C7361}.Release|Any CPU.Build.0 = Release|Any CPU
	EndGlobalSection
	GlobalSection(SolutionProperties) = preSolution
		HideSolutionNode = FALSE
	EndGlobalSection
EndGlobal
